// !$*UTF8*$!
{
	archiveVersion = 1;
	classes = {
	};
	objectVersion = 51;
	objects = {

/* Begin PBXBuildFile section */
		4D2D9F0712E560589F42FD90 /* Pods_Gagaebu.framework in Frameworks */ = {isa = PBXBuildFile; fileRef = 60E9062FA1A29F1B7B9FA537 /* Pods_Gagaebu.framework */; };
		9C16D724243836AF00F226AD /* Date+.swift in Sources */ = {isa = PBXBuildFile; fileRef = 9C16D723243836AF00F226AD /* Date+.swift */; };
		9C16D72924383CF600F226AD /* BorderedTextField.swift in Sources */ = {isa = PBXBuildFile; fileRef = 9C16D72824383CF600F226AD /* BorderedTextField.swift */; };
		9C2949AD244703F500604358 /* GagaebuTests.swift in Sources */ = {isa = PBXBuildFile; fileRef = 9C2949AC244703F500604358 /* GagaebuTests.swift */; };
		9C8CB236243C0ABD00CC851A /* ItemService.swift in Sources */ = {isa = PBXBuildFile; fileRef = 9C8CB235243C0ABD00CC851A /* ItemService.swift */; };
		9C8FBC632441997500764E3A /* SceneDelegate.swift in Sources */ = {isa = PBXBuildFile; fileRef = 9C8FBC622441997500764E3A /* SceneDelegate.swift */; };
		9C8FBC662441B0AB00764E3A /* ListItemCell.swift in Sources */ = {isa = PBXBuildFile; fileRef = 9C8FBC642441B0AB00764E3A /* ListItemCell.swift */; };
		9C8FBC692441B4FF00764E3A /* BaseTableViewCell.swift in Sources */ = {isa = PBXBuildFile; fileRef = 9C8FBC682441B4FF00764E3A /* BaseTableViewCell.swift */; };
		9C8FBC6C2441BACD00764E3A /* BaseViewController.swift in Sources */ = {isa = PBXBuildFile; fileRef = 9C8FBC6B2441BACD00764E3A /* BaseViewController.swift */; };
		9C8FBC6E2441C20F00764E3A /* Int+.swift in Sources */ = {isa = PBXBuildFile; fileRef = 9C8FBC6D2441C20F00764E3A /* Int+.swift */; };
		9C8FBC702441E8B400764E3A /* CALayer+.swift in Sources */ = {isa = PBXBuildFile; fileRef = 9C8FBC6F2441E8B400764E3A /* CALayer+.swift */; };
		9C8FBC722441EB3000764E3A /* Colors.xcassets in Resources */ = {isa = PBXBuildFile; fileRef = 9C8FBC712441EB3000764E3A /* Colors.xcassets */; };
		9C8FBC742441EB7300764E3A /* Colors+.swift in Sources */ = {isa = PBXBuildFile; fileRef = 9C8FBC732441EB7300764E3A /* Colors+.swift */; };
		9CA30BB72442DAB300286A57 /* NavigationMap.swift in Sources */ = {isa = PBXBuildFile; fileRef = 9CA30BB62442DAB300286A57 /* NavigationMap.swift */; };
		9CA30BB92442F3C000286A57 /* SettingViewController.swift in Sources */ = {isa = PBXBuildFile; fileRef = 9CA30BB82442F3C000286A57 /* SettingViewController.swift */; };
		9CA30BBB2442F44800286A57 /* SettingViewReactor.swift in Sources */ = {isa = PBXBuildFile; fileRef = 9CA30BBA2442F44800286A57 /* SettingViewReactor.swift */; };
		9CC2766C2450773600C29ED1 /* Pods-Gagaebu-acknowledgements.plist in Resources */ = {isa = PBXBuildFile; fileRef = 9CC27668245075FD00C29ED1 /* Pods-Gagaebu-acknowledgements.plist */; };
		9CEDC73C2425CA37006DD872 /* AppDelegate.swift in Sources */ = {isa = PBXBuildFile; fileRef = 9CEDC73B2425CA37006DD872 /* AppDelegate.swift */; };
		9CEDC7402425CA37006DD872 /* ListViewController.swift in Sources */ = {isa = PBXBuildFile; fileRef = 9CEDC73F2425CA37006DD872 /* ListViewController.swift */; };
		9CEDC7452425CA38006DD872 /* Assets.xcassets in Resources */ = {isa = PBXBuildFile; fileRef = 9CEDC7442425CA38006DD872 /* Assets.xcassets */; };
		9CEDC7482425CA38006DD872 /* LaunchScreen.storyboard in Resources */ = {isa = PBXBuildFile; fileRef = 9CEDC7462425CA38006DD872 /* LaunchScreen.storyboard */; };
		9CEDC7602425D2D9006DD872 /* ItemViewController.swift in Sources */ = {isa = PBXBuildFile; fileRef = 9CEDC75D2425D2D9006DD872 /* ItemViewController.swift */; };
		9CF0F42B2438696100279CF9 /* ResizableCollectionView.swift in Sources */ = {isa = PBXBuildFile; fileRef = 9CF0F42A2438696000279CF9 /* ResizableCollectionView.swift */; };
		9CF0F42E2439D09B00279CF9 /* ListViewReactor.swift in Sources */ = {isa = PBXBuildFile; fileRef = 9CF0F42D2439D09B00279CF9 /* ListViewReactor.swift */; };
		9CF0F4302439D0DA00279CF9 /* ItemViewReactor.swift in Sources */ = {isa = PBXBuildFile; fileRef = 9CF0F42F2439D0DA00279CF9 /* ItemViewReactor.swift */; };
		9CFA35EC2449D59F001117FD /* GagaebuUITests.swift in Sources */ = {isa = PBXBuildFile; fileRef = 9CFA35EB2449D59F001117FD /* GagaebuUITests.swift */; };
		9CFA35F42449D5D9001117FD /* SnapshotHelper.swift in Sources */ = {isa = PBXBuildFile; fileRef = 9CFA35F32449D5D9001117FD /* SnapshotHelper.swift */; };
		9CFA35F72449E2C4001117FD /* SettingSection.swift in Sources */ = {isa = PBXBuildFile; fileRef = 9CFA35F62449E2C4001117FD /* SettingSection.swift */; };
		9CFA35F92449E362001117FD /* SettingCell.swift in Sources */ = {isa = PBXBuildFile; fileRef = 9CFA35F82449E362001117FD /* SettingCell.swift */; };
		9CFA35FC2449E5BE001117FD /* AppInfo.swift in Sources */ = {isa = PBXBuildFile; fileRef = 9CFA35FB2449E5BE001117FD /* AppInfo.swift */; };
		BC174A12B491D95F864F5903 /* Pods_GagaebuTests.framework in Frameworks */ = {isa = PBXBuildFile; fileRef = DB947BA53C481A7F09632AA6 /* Pods_GagaebuTests.framework */; };
/* End PBXBuildFile section */

/* Begin PBXContainerItemProxy section */
		9C2949AF244703F500604358 /* PBXContainerItemProxy */ = {
			isa = PBXContainerItemProxy;
			containerPortal = 9CEDC7302425CA37006DD872 /* Project object */;
			proxyType = 1;
			remoteGlobalIDString = 9CEDC7372425CA37006DD872;
			remoteInfo = Gagaebu;
		};
		9CFA35EE2449D59F001117FD /* PBXContainerItemProxy */ = {
			isa = PBXContainerItemProxy;
			containerPortal = 9CEDC7302425CA37006DD872 /* Project object */;
			proxyType = 1;
			remoteGlobalIDString = 9CEDC7372425CA37006DD872;
			remoteInfo = Gagaebu;
		};
/* End PBXContainerItemProxy section */

/* Begin PBXFileReference section */
		0E40F9E371818118EAA07B26 /* Pods-Gagaebu.release.xcconfig */ = {isa = PBXFileReference; includeInIndex = 1; lastKnownFileType = text.xcconfig; name = "Pods-Gagaebu.release.xcconfig"; path = "Target Support Files/Pods-Gagaebu/Pods-Gagaebu.release.xcconfig"; sourceTree = "<group>"; };
		60E9062FA1A29F1B7B9FA537 /* Pods_Gagaebu.framework */ = {isa = PBXFileReference; explicitFileType = wrapper.framework; includeInIndex = 0; path = Pods_Gagaebu.framework; sourceTree = BUILT_PRODUCTS_DIR; };
		867433BABBEC6F6B79CDB888 /* Pods-GagaebuTests.debug.xcconfig */ = {isa = PBXFileReference; includeInIndex = 1; lastKnownFileType = text.xcconfig; name = "Pods-GagaebuTests.debug.xcconfig"; path = "Target Support Files/Pods-GagaebuTests/Pods-GagaebuTests.debug.xcconfig"; sourceTree = "<group>"; };
		9C16D723243836AF00F226AD /* Date+.swift */ = {isa = PBXFileReference; lastKnownFileType = sourcecode.swift; path = "Date+.swift"; sourceTree = "<group>"; };
		9C16D72824383CF600F226AD /* BorderedTextField.swift */ = {isa = PBXFileReference; lastKnownFileType = sourcecode.swift; path = BorderedTextField.swift; sourceTree = "<group>"; };
		9C2949AA244703F500604358 /* GagaebuTests.xctest */ = {isa = PBXFileReference; explicitFileType = wrapper.cfbundle; includeInIndex = 0; path = GagaebuTests.xctest; sourceTree = BUILT_PRODUCTS_DIR; };
		9C2949AC244703F500604358 /* GagaebuTests.swift */ = {isa = PBXFileReference; lastKnownFileType = sourcecode.swift; path = GagaebuTests.swift; sourceTree = "<group>"; };
		9C2949AE244703F500604358 /* Info.plist */ = {isa = PBXFileReference; lastKnownFileType = text.plist.xml; path = Info.plist; sourceTree = "<group>"; };
		9C2949B424470AE900604358 /* libPods-Gagaebu.a */ = {isa = PBXFileReference; explicitFileType = archive.ar; path = "libPods-Gagaebu.a"; sourceTree = BUILT_PRODUCTS_DIR; };
		9C8CB235243C0ABD00CC851A /* ItemService.swift */ = {isa = PBXFileReference; lastKnownFileType = sourcecode.swift; path = ItemService.swift; sourceTree = "<group>"; };
		9C8FBC622441997500764E3A /* SceneDelegate.swift */ = {isa = PBXFileReference; fileEncoding = 4; lastKnownFileType = sourcecode.swift; path = SceneDelegate.swift; sourceTree = "<group>"; };
		9C8FBC642441B0AB00764E3A /* ListItemCell.swift */ = {isa = PBXFileReference; lastKnownFileType = sourcecode.swift; path = ListItemCell.swift; sourceTree = "<group>"; };
		9C8FBC682441B4FF00764E3A /* BaseTableViewCell.swift */ = {isa = PBXFileReference; lastKnownFileType = sourcecode.swift; path = BaseTableViewCell.swift; sourceTree = "<group>"; };
		9C8FBC6B2441BACD00764E3A /* BaseViewController.swift */ = {isa = PBXFileReference; fileEncoding = 4; lastKnownFileType = sourcecode.swift; path = BaseViewController.swift; sourceTree = "<group>"; };
		9C8FBC6D2441C20F00764E3A /* Int+.swift */ = {isa = PBXFileReference; lastKnownFileType = sourcecode.swift; path = "Int+.swift"; sourceTree = "<group>"; };
		9C8FBC6F2441E8B400764E3A /* CALayer+.swift */ = {isa = PBXFileReference; lastKnownFileType = sourcecode.swift; path = "CALayer+.swift"; sourceTree = "<group>"; };
		9C8FBC712441EB3000764E3A /* Colors.xcassets */ = {isa = PBXFileReference; lastKnownFileType = folder.assetcatalog; path = Colors.xcassets; sourceTree = "<group>"; };
		9C8FBC732441EB7300764E3A /* Colors+.swift */ = {isa = PBXFileReference; lastKnownFileType = sourcecode.swift; path = "Colors+.swift"; sourceTree = "<group>"; };
		9CA30BB62442DAB300286A57 /* NavigationMap.swift */ = {isa = PBXFileReference; lastKnownFileType = sourcecode.swift; path = NavigationMap.swift; sourceTree = "<group>"; };
		9CA30BB82442F3C000286A57 /* SettingViewController.swift */ = {isa = PBXFileReference; lastKnownFileType = sourcecode.swift; path = SettingViewController.swift; sourceTree = "<group>"; };
		9CA30BBA2442F44800286A57 /* SettingViewReactor.swift */ = {isa = PBXFileReference; lastKnownFileType = sourcecode.swift; path = SettingViewReactor.swift; sourceTree = "<group>"; };
		9CC27668245075FD00C29ED1 /* Pods-Gagaebu-acknowledgements.plist */ = {isa = PBXFileReference; lastKnownFileType = text.plist.xml; name = "Pods-Gagaebu-acknowledgements.plist"; path = "../../Pods/Target Support Files/Pods-Gagaebu/Pods-Gagaebu-acknowledgements.plist"; sourceTree = "<group>"; };
		9CEDC7382425CA37006DD872 /* Gagaebu.app */ = {isa = PBXFileReference; explicitFileType = wrapper.application; includeInIndex = 0; path = Gagaebu.app; sourceTree = BUILT_PRODUCTS_DIR; };
		9CEDC73B2425CA37006DD872 /* AppDelegate.swift */ = {isa = PBXFileReference; lastKnownFileType = sourcecode.swift; path = AppDelegate.swift; sourceTree = "<group>"; };
		9CEDC73F2425CA37006DD872 /* ListViewController.swift */ = {isa = PBXFileReference; lastKnownFileType = sourcecode.swift; path = ListViewController.swift; sourceTree = "<group>"; };
		9CEDC7442425CA38006DD872 /* Assets.xcassets */ = {isa = PBXFileReference; lastKnownFileType = folder.assetcatalog; path = Assets.xcassets; sourceTree = "<group>"; };
		9CEDC7492425CA38006DD872 /* Info.plist */ = {isa = PBXFileReference; lastKnownFileType = text.plist.xml; path = Info.plist; sourceTree = "<group>"; };
		9CEDC75D2425D2D9006DD872 /* ItemViewController.swift */ = {isa = PBXFileReference; fileEncoding = 4; lastKnownFileType = sourcecode.swift; path = ItemViewController.swift; sourceTree = "<group>"; };
		9CF0F426243850BB00279CF9 /* Base */ = {isa = PBXFileReference; lastKnownFileType = file.storyboard; name = Base; path = Base.lproj/LaunchScreen.storyboard; sourceTree = "<group>"; };
		9CF0F42A2438696000279CF9 /* ResizableCollectionView.swift */ = {isa = PBXFileReference; lastKnownFileType = sourcecode.swift; path = ResizableCollectionView.swift; sourceTree = "<group>"; };
		9CF0F42D2439D09B00279CF9 /* ListViewReactor.swift */ = {isa = PBXFileReference; lastKnownFileType = sourcecode.swift; path = ListViewReactor.swift; sourceTree = "<group>"; };
		9CF0F42F2439D0DA00279CF9 /* ItemViewReactor.swift */ = {isa = PBXFileReference; lastKnownFileType = sourcecode.swift; path = ItemViewReactor.swift; sourceTree = "<group>"; };
		9CFA35E92449D59F001117FD /* GagaebuUITests.xctest */ = {isa = PBXFileReference; explicitFileType = wrapper.cfbundle; includeInIndex = 0; path = GagaebuUITests.xctest; sourceTree = BUILT_PRODUCTS_DIR; };
		9CFA35EB2449D59F001117FD /* GagaebuUITests.swift */ = {isa = PBXFileReference; lastKnownFileType = sourcecode.swift; path = GagaebuUITests.swift; sourceTree = "<group>"; };
		9CFA35ED2449D59F001117FD /* Info.plist */ = {isa = PBXFileReference; lastKnownFileType = text.plist.xml; path = Info.plist; sourceTree = "<group>"; };
		9CFA35F32449D5D9001117FD /* SnapshotHelper.swift */ = {isa = PBXFileReference; fileEncoding = 4; lastKnownFileType = sourcecode.swift; name = SnapshotHelper.swift; path = fastlane/SnapshotHelper.swift; sourceTree = SOURCE_ROOT; };
		9CFA35F62449E2C4001117FD /* SettingSection.swift */ = {isa = PBXFileReference; lastKnownFileType = sourcecode.swift; path = SettingSection.swift; sourceTree = "<group>"; };
		9CFA35F82449E362001117FD /* SettingCell.swift */ = {isa = PBXFileReference; lastKnownFileType = sourcecode.swift; path = SettingCell.swift; sourceTree = "<group>"; };
		9CFA35FB2449E5BE001117FD /* AppInfo.swift */ = {isa = PBXFileReference; lastKnownFileType = sourcecode.swift; path = AppInfo.swift; sourceTree = "<group>"; };
		9CFA35FD2449ECD2001117FD /* Pods-Gagaebu-acknowledgements.plist */ = {isa = PBXFileReference; lastKnownFileType = text.plist.xml; name = "Pods-Gagaebu-acknowledgements.plist"; path = "Pods/Target Support Files/Pods-Gagaebu/Pods-Gagaebu-acknowledgements.plist"; sourceTree = "<group>"; };
		B7DDCD27AFBC12E6CE355011 /* Pods-GagaebuTests.release.xcconfig */ = {isa = PBXFileReference; includeInIndex = 1; lastKnownFileType = text.xcconfig; name = "Pods-GagaebuTests.release.xcconfig"; path = "Target Support Files/Pods-GagaebuTests/Pods-GagaebuTests.release.xcconfig"; sourceTree = "<group>"; };
		DB947BA53C481A7F09632AA6 /* Pods_GagaebuTests.framework */ = {isa = PBXFileReference; explicitFileType = wrapper.framework; includeInIndex = 0; path = Pods_GagaebuTests.framework; sourceTree = BUILT_PRODUCTS_DIR; };
		E31C7EC6C1EE039F3A78AC80 /* Pods-Gagaebu.debug.xcconfig */ = {isa = PBXFileReference; includeInIndex = 1; lastKnownFileType = text.xcconfig; name = "Pods-Gagaebu.debug.xcconfig"; path = "Target Support Files/Pods-Gagaebu/Pods-Gagaebu.debug.xcconfig"; sourceTree = "<group>"; };
/* End PBXFileReference section */

/* Begin PBXFrameworksBuildPhase section */
		9C2949A7244703F500604358 /* Frameworks */ = {
			isa = PBXFrameworksBuildPhase;
			buildActionMask = 2147483647;
			files = (
				BC174A12B491D95F864F5903 /* Pods_GagaebuTests.framework in Frameworks */,
			);
			runOnlyForDeploymentPostprocessing = 0;
		};
		9CEDC7352425CA37006DD872 /* Frameworks */ = {
			isa = PBXFrameworksBuildPhase;
			buildActionMask = 2147483647;
			files = (
				4D2D9F0712E560589F42FD90 /* Pods_Gagaebu.framework in Frameworks */,
			);
			runOnlyForDeploymentPostprocessing = 0;
		};
		9CFA35E62449D59F001117FD /* Frameworks */ = {
			isa = PBXFrameworksBuildPhase;
			buildActionMask = 2147483647;
			files = (
			);
			runOnlyForDeploymentPostprocessing = 0;
		};
/* End PBXFrameworksBuildPhase section */

/* Begin PBXGroup section */
		4A4F2DF947A3654508951619 /* Frameworks */ = {
			isa = PBXGroup;
			children = (
				60E9062FA1A29F1B7B9FA537 /* Pods_Gagaebu.framework */,
				9CFA35FD2449ECD2001117FD /* Pods-Gagaebu-acknowledgements.plist */,
				DB947BA53C481A7F09632AA6 /* Pods_GagaebuTests.framework */,
			);
			name = Frameworks;
			sourceTree = "<group>";
		};
		6BFA7340AF2B4CA43BA5C972 /* Pods */ = {
			isa = PBXGroup;
			children = (
				E31C7EC6C1EE039F3A78AC80 /* Pods-Gagaebu.debug.xcconfig */,
				0E40F9E371818118EAA07B26 /* Pods-Gagaebu.release.xcconfig */,
				867433BABBEC6F6B79CDB888 /* Pods-GagaebuTests.debug.xcconfig */,
				B7DDCD27AFBC12E6CE355011 /* Pods-GagaebuTests.release.xcconfig */,
			);
			path = Pods;
			sourceTree = "<group>";
		};
		9C16D72624383CD300F226AD /* Extensions */ = {
			isa = PBXGroup;
			children = (
				9C16D723243836AF00F226AD /* Date+.swift */,
				9C8FBC6D2441C20F00764E3A /* Int+.swift */,
				9C8FBC6F2441E8B400764E3A /* CALayer+.swift */,
				9C8FBC732441EB7300764E3A /* Colors+.swift */,
			);
			path = Extensions;
			sourceTree = "<group>";
		};
		9C16D72724383CE200F226AD /* Custom */ = {
			isa = PBXGroup;
			children = (
				9C16D72824383CF600F226AD /* BorderedTextField.swift */,
				9CF0F42A2438696000279CF9 /* ResizableCollectionView.swift */,
			);
			path = Custom;
			sourceTree = "<group>";
		};
		9C2949AB244703F500604358 /* GagaebuTests */ = {
			isa = PBXGroup;
			children = (
				9C2949AC244703F500604358 /* GagaebuTests.swift */,
				9C2949AE244703F500604358 /* Info.plist */,
			);
			path = GagaebuTests;
			sourceTree = "<group>";
		};
		9C2949B624470B1F00604358 /* Recovered References */ = {
			isa = PBXGroup;
			children = (
				9C2949B424470AE900604358 /* libPods-Gagaebu.a */,
			);
			name = "Recovered References";
			sourceTree = "<group>";
		};
		9C8CB230243B535300CC851A /* Service */ = {
			isa = PBXGroup;
			children = (
				9C8CB235243C0ABD00CC851A /* ItemService.swift */,
				9CA30BB62442DAB300286A57 /* NavigationMap.swift */,
			);
			path = Service;
			sourceTree = "<group>";
		};
		9C8FBC6A2441B5C600764E3A /* ViewControllers */ = {
			isa = PBXGroup;
			children = (
				9C8FBC6B2441BACD00764E3A /* BaseViewController.swift */,
				9CEDC73F2425CA37006DD872 /* ListViewController.swift */,
				9CF0F42D2439D09B00279CF9 /* ListViewReactor.swift */,
				9CEDC75D2425D2D9006DD872 /* ItemViewController.swift */,
				9CF0F42F2439D0DA00279CF9 /* ItemViewReactor.swift */,
				9CA30BB82442F3C000286A57 /* SettingViewController.swift */,
				9CA30BBA2442F44800286A57 /* SettingViewReactor.swift */,
			);
			path = ViewControllers;
			sourceTree = "<group>";
		};
		9CEDC72F2425CA37006DD872 = {
			isa = PBXGroup;
			children = (
				9CEDC73A2425CA37006DD872 /* Gagaebu */,
				9C2949AB244703F500604358 /* GagaebuTests */,
				9CFA35EA2449D59F001117FD /* GagaebuUITests */,
				9CEDC7392425CA37006DD872 /* Products */,
				6BFA7340AF2B4CA43BA5C972 /* Pods */,
				4A4F2DF947A3654508951619 /* Frameworks */,
				9C2949B624470B1F00604358 /* Recovered References */,
			);
			sourceTree = "<group>";
		};
		9CEDC7392425CA37006DD872 /* Products */ = {
			isa = PBXGroup;
			children = (
				9CEDC7382425CA37006DD872 /* Gagaebu.app */,
				9C2949AA244703F500604358 /* GagaebuTests.xctest */,
				9CFA35E92449D59F001117FD /* GagaebuUITests.xctest */,
			);
			name = Products;
			sourceTree = "<group>";
		};
		9CEDC73A2425CA37006DD872 /* Gagaebu */ = {
			isa = PBXGroup;
			children = (
				9CFA35FA2449E5AF001117FD /* App */,
				9C16D72724383CE200F226AD /* Custom */,
				9C16D72624383CD300F226AD /* Extensions */,
				9C8CB230243B535300CC851A /* Service */,
				9CFA35F52449E266001117FD /* Section */,
				9C8FBC6A2441B5C600764E3A /* ViewControllers */,
				9CF0F4312439D0FD00279CF9 /* View */,
				9CFA36002449EDD7001117FD /* Resources */,
			);
			path = Gagaebu;
			sourceTree = "<group>";
		};
		9CF0F4312439D0FD00279CF9 /* View */ = {
			isa = PBXGroup;
			children = (
				9C8FBC682441B4FF00764E3A /* BaseTableViewCell.swift */,
				9C8FBC642441B0AB00764E3A /* ListItemCell.swift */,
				9CFA35F82449E362001117FD /* SettingCell.swift */,
			);
			path = View;
			sourceTree = "<group>";
		};
		9CFA35EA2449D59F001117FD /* GagaebuUITests */ = {
			isa = PBXGroup;
			children = (
				9CFA35F32449D5D9001117FD /* SnapshotHelper.swift */,
				9CFA35EB2449D59F001117FD /* GagaebuUITests.swift */,
				9CFA35ED2449D59F001117FD /* Info.plist */,
			);
			path = GagaebuUITests;
			sourceTree = "<group>";
		};
		9CFA35F52449E266001117FD /* Section */ = {
			isa = PBXGroup;
			children = (
				9CFA35F62449E2C4001117FD /* SettingSection.swift */,
			);
			path = Section;
			sourceTree = "<group>";
		};
		9CFA35FA2449E5AF001117FD /* App */ = {
			isa = PBXGroup;
			children = (
				9CEDC73B2425CA37006DD872 /* AppDelegate.swift */,
				9C8FBC622441997500764E3A /* SceneDelegate.swift */,
				9CFA35FB2449E5BE001117FD /* AppInfo.swift */,
				9CEDC7462425CA38006DD872 /* LaunchScreen.storyboard */,
				9CEDC7492425CA38006DD872 /* Info.plist */,
				9CC27668245075FD00C29ED1 /* Pods-Gagaebu-acknowledgements.plist */,
			);
			path = App;
			sourceTree = "<group>";
		};
		9CFA36002449EDD7001117FD /* Resources */ = {
			isa = PBXGroup;
			children = (
				9CEDC7442425CA38006DD872 /* Assets.xcassets */,
				9C8FBC712441EB3000764E3A /* Colors.xcassets */,
			);
			path = Resources;
			sourceTree = "<group>";
		};
/* End PBXGroup section */

/* Begin PBXNativeTarget section */
		9C2949A9244703F500604358 /* GagaebuTests */ = {
			isa = PBXNativeTarget;
			buildConfigurationList = 9C2949B3244703F500604358 /* Build configuration list for PBXNativeTarget "GagaebuTests" */;
			buildPhases = (
				9C0DD2462BD1E721ABD7F3DC /* [CP] Check Pods Manifest.lock */,
				9C2949A6244703F500604358 /* Sources */,
				9C2949A7244703F500604358 /* Frameworks */,
				9C2949A8244703F500604358 /* Resources */,
				1553453E45DAE18793515526 /* [CP] Embed Pods Frameworks */,
			);
			buildRules = (
			);
			dependencies = (
				9C2949B0244703F500604358 /* PBXTargetDependency */,
			);
			name = GagaebuTests;
			productName = GagaebuTests;
			productReference = 9C2949AA244703F500604358 /* GagaebuTests.xctest */;
			productType = "com.apple.product-type.bundle.unit-test";
		};
		9CEDC7372425CA37006DD872 /* Gagaebu */ = {
			isa = PBXNativeTarget;
			buildConfigurationList = 9CEDC74C2425CA38006DD872 /* Build configuration list for PBXNativeTarget "Gagaebu" */;
			buildPhases = (
				050122A676C5F6727BF373A4 /* [CP] Check Pods Manifest.lock */,
				9CEDC7342425CA37006DD872 /* Sources */,
				9CEDC7352425CA37006DD872 /* Frameworks */,
				9CEDC7362425CA37006DD872 /* Resources */,
				EA495B574EAA28F58C079C39 /* [CP] Embed Pods Frameworks */,
			);
			buildRules = (
			);
			dependencies = (
			);
			name = Gagaebu;
			productName = Gagaebu;
			productReference = 9CEDC7382425CA37006DD872 /* Gagaebu.app */;
			productType = "com.apple.product-type.application";
		};
		9CFA35E82449D59F001117FD /* GagaebuUITests */ = {
			isa = PBXNativeTarget;
			buildConfigurationList = 9CFA35F22449D59F001117FD /* Build configuration list for PBXNativeTarget "GagaebuUITests" */;
			buildPhases = (
				9CFA35E52449D59F001117FD /* Sources */,
				9CFA35E62449D59F001117FD /* Frameworks */,
				9CFA35E72449D59F001117FD /* Resources */,
			);
			buildRules = (
			);
			dependencies = (
				9CFA35EF2449D59F001117FD /* PBXTargetDependency */,
			);
			name = GagaebuUITests;
			productName = GagaebuUITests;
			productReference = 9CFA35E92449D59F001117FD /* GagaebuUITests.xctest */;
			productType = "com.apple.product-type.bundle.ui-testing";
		};
/* End PBXNativeTarget section */

/* Begin PBXProject section */
		9CEDC7302425CA37006DD872 /* Project object */ = {
			isa = PBXProject;
			attributes = {
				LastSwiftUpdateCheck = 1130;
				LastUpgradeCheck = 1130;
				ORGANIZATIONNAME = Soso;
				TargetAttributes = {
					9C2949A9244703F500604358 = {
						CreatedOnToolsVersion = 11.3.1;
						TestTargetID = 9CEDC7372425CA37006DD872;
					};
					9CEDC7372425CA37006DD872 = {
						CreatedOnToolsVersion = 11.3.1;
					};
					9CFA35E82449D59F001117FD = {
						CreatedOnToolsVersion = 11.3.1;
						TestTargetID = 9CEDC7372425CA37006DD872;
					};
				};
			};
			buildConfigurationList = 9CEDC7332425CA37006DD872 /* Build configuration list for PBXProject "Gagaebu" */;
			compatibilityVersion = "Xcode 9.3";
			developmentRegion = ko;
			hasScannedForEncodings = 0;
			knownRegions = (
				en,
				ko,
				Base,
			);
			mainGroup = 9CEDC72F2425CA37006DD872;
			productRefGroup = 9CEDC7392425CA37006DD872 /* Products */;
			projectDirPath = "";
			projectRoot = "";
			targets = (
				9CEDC7372425CA37006DD872 /* Gagaebu */,
				9C2949A9244703F500604358 /* GagaebuTests */,
				9CFA35E82449D59F001117FD /* GagaebuUITests */,
			);
		};
/* End PBXProject section */

/* Begin PBXResourcesBuildPhase section */
		9C2949A8244703F500604358 /* Resources */ = {
			isa = PBXResourcesBuildPhase;
			buildActionMask = 2147483647;
			files = (
			);
			runOnlyForDeploymentPostprocessing = 0;
		};
		9CEDC7362425CA37006DD872 /* Resources */ = {
			isa = PBXResourcesBuildPhase;
			buildActionMask = 2147483647;
			files = (
				9CC2766C2450773600C29ED1 /* Pods-Gagaebu-acknowledgements.plist in Resources */,
				9C8FBC722441EB3000764E3A /* Colors.xcassets in Resources */,
				9CEDC7482425CA38006DD872 /* LaunchScreen.storyboard in Resources */,
				9CEDC7452425CA38006DD872 /* Assets.xcassets in Resources */,
			);
			runOnlyForDeploymentPostprocessing = 0;
		};
		9CFA35E72449D59F001117FD /* Resources */ = {
			isa = PBXResourcesBuildPhase;
			buildActionMask = 2147483647;
			files = (
			);
			runOnlyForDeploymentPostprocessing = 0;
		};
/* End PBXResourcesBuildPhase section */

/* Begin PBXShellScriptBuildPhase section */
		050122A676C5F6727BF373A4 /* [CP] Check Pods Manifest.lock */ = {
			isa = PBXShellScriptBuildPhase;
			buildActionMask = 2147483647;
			files = (
			);
			inputFileListPaths = (
			);
			inputPaths = (
				"${PODS_PODFILE_DIR_PATH}/Podfile.lock",
				"${PODS_ROOT}/Manifest.lock",
			);
			name = "[CP] Check Pods Manifest.lock";
			outputFileListPaths = (
			);
			outputPaths = (
				"$(DERIVED_FILE_DIR)/Pods-Gagaebu-checkManifestLockResult.txt",
			);
			runOnlyForDeploymentPostprocessing = 0;
			shellPath = /bin/sh;
			shellScript = "diff \"${PODS_PODFILE_DIR_PATH}/Podfile.lock\" \"${PODS_ROOT}/Manifest.lock\" > /dev/null\nif [ $? != 0 ] ; then\n    # print error to STDERR\n    echo \"error: The sandbox is not in sync with the Podfile.lock. Run 'pod install' or update your CocoaPods installation.\" >&2\n    exit 1\nfi\n# This output is used by Xcode 'outputs' to avoid re-running this script phase.\necho \"SUCCESS\" > \"${SCRIPT_OUTPUT_FILE_0}\"\n";
			showEnvVarsInLog = 0;
		};
		1553453E45DAE18793515526 /* [CP] Embed Pods Frameworks */ = {
			isa = PBXShellScriptBuildPhase;
			buildActionMask = 2147483647;
			files = (
			);
			inputFileListPaths = (
				"${PODS_ROOT}/Target Support Files/Pods-GagaebuTests/Pods-GagaebuTests-frameworks-${CONFIGURATION}-input-files.xcfilelist",
			);
			name = "[CP] Embed Pods Frameworks";
			outputFileListPaths = (
				"${PODS_ROOT}/Target Support Files/Pods-GagaebuTests/Pods-GagaebuTests-frameworks-${CONFIGURATION}-output-files.xcfilelist",
			);
			runOnlyForDeploymentPostprocessing = 0;
			shellPath = /bin/sh;
			shellScript = "\"${PODS_ROOT}/Target Support Files/Pods-GagaebuTests/Pods-GagaebuTests-frameworks.sh\"\n";
			showEnvVarsInLog = 0;
		};
		9C0DD2462BD1E721ABD7F3DC /* [CP] Check Pods Manifest.lock */ = {
			isa = PBXShellScriptBuildPhase;
			buildActionMask = 2147483647;
			files = (
			);
			inputFileListPaths = (
			);
			inputPaths = (
				"${PODS_PODFILE_DIR_PATH}/Podfile.lock",
				"${PODS_ROOT}/Manifest.lock",
			);
			name = "[CP] Check Pods Manifest.lock";
			outputFileListPaths = (
			);
			outputPaths = (
				"$(DERIVED_FILE_DIR)/Pods-GagaebuTests-checkManifestLockResult.txt",
			);
			runOnlyForDeploymentPostprocessing = 0;
			shellPath = /bin/sh;
			shellScript = "diff \"${PODS_PODFILE_DIR_PATH}/Podfile.lock\" \"${PODS_ROOT}/Manifest.lock\" > /dev/null\nif [ $? != 0 ] ; then\n    # print error to STDERR\n    echo \"error: The sandbox is not in sync with the Podfile.lock. Run 'pod install' or update your CocoaPods installation.\" >&2\n    exit 1\nfi\n# This output is used by Xcode 'outputs' to avoid re-running this script phase.\necho \"SUCCESS\" > \"${SCRIPT_OUTPUT_FILE_0}\"\n";
			showEnvVarsInLog = 0;
		};
		EA495B574EAA28F58C079C39 /* [CP] Embed Pods Frameworks */ = {
			isa = PBXShellScriptBuildPhase;
			buildActionMask = 2147483647;
			files = (
			);
			inputFileListPaths = (
				"${PODS_ROOT}/Target Support Files/Pods-Gagaebu/Pods-Gagaebu-frameworks-${CONFIGURATION}-input-files.xcfilelist",
			);
			name = "[CP] Embed Pods Frameworks";
			outputFileListPaths = (
				"${PODS_ROOT}/Target Support Files/Pods-Gagaebu/Pods-Gagaebu-frameworks-${CONFIGURATION}-output-files.xcfilelist",
			);
			runOnlyForDeploymentPostprocessing = 0;
			shellPath = /bin/sh;
			shellScript = "\"${PODS_ROOT}/Target Support Files/Pods-Gagaebu/Pods-Gagaebu-frameworks.sh\"\n";
			showEnvVarsInLog = 0;
		};
/* End PBXShellScriptBuildPhase section */

/* Begin PBXSourcesBuildPhase section */
		9C2949A6244703F500604358 /* Sources */ = {
			isa = PBXSourcesBuildPhase;
			buildActionMask = 2147483647;
			files = (
				9C2949AD244703F500604358 /* GagaebuTests.swift in Sources */,
			);
			runOnlyForDeploymentPostprocessing = 0;
		};
		9CEDC7342425CA37006DD872 /* Sources */ = {
			isa = PBXSourcesBuildPhase;
			buildActionMask = 2147483647;
			files = (
				9C8CB236243C0ABD00CC851A /* ItemService.swift in Sources */,
				9CEDC7402425CA37006DD872 /* ListViewController.swift in Sources */,
				9C8FBC6E2441C20F00764E3A /* Int+.swift in Sources */,
				9CFA35FC2449E5BE001117FD /* AppInfo.swift in Sources */,
				9CF0F4302439D0DA00279CF9 /* ItemViewReactor.swift in Sources */,
				9CA30BB72442DAB300286A57 /* NavigationMap.swift in Sources */,
				9CA30BB92442F3C000286A57 /* SettingViewController.swift in Sources */,
				9CEDC7602425D2D9006DD872 /* ItemViewController.swift in Sources */,
				9C8FBC742441EB7300764E3A /* Colors+.swift in Sources */,
				9CEDC73C2425CA37006DD872 /* AppDelegate.swift in Sources */,
				9C8FBC6C2441BACD00764E3A /* BaseViewController.swift in Sources */,
				9CF0F42B2438696100279CF9 /* ResizableCollectionView.swift in Sources */,
				9CFA35F92449E362001117FD /* SettingCell.swift in Sources */,
				9CF0F42E2439D09B00279CF9 /* ListViewReactor.swift in Sources */,
				9C8FBC662441B0AB00764E3A /* ListItemCell.swift in Sources */,
				9C16D72924383CF600F226AD /* BorderedTextField.swift in Sources */,
				9CFA35F72449E2C4001117FD /* SettingSection.swift in Sources */,
				9C16D724243836AF00F226AD /* Date+.swift in Sources */,
				9CA30BBB2442F44800286A57 /* SettingViewReactor.swift in Sources */,
				9C8FBC692441B4FF00764E3A /* BaseTableViewCell.swift in Sources */,
				9C8FBC702441E8B400764E3A /* CALayer+.swift in Sources */,
				9C8FBC632441997500764E3A /* SceneDelegate.swift in Sources */,
			);
			runOnlyForDeploymentPostprocessing = 0;
		};
		9CFA35E52449D59F001117FD /* Sources */ = {
			isa = PBXSourcesBuildPhase;
			buildActionMask = 2147483647;
			files = (
				9CFA35EC2449D59F001117FD /* GagaebuUITests.swift in Sources */,
				9CFA35F42449D5D9001117FD /* SnapshotHelper.swift in Sources */,
			);
			runOnlyForDeploymentPostprocessing = 0;
		};
/* End PBXSourcesBuildPhase section */

/* Begin PBXTargetDependency section */
		9C2949B0244703F500604358 /* PBXTargetDependency */ = {
			isa = PBXTargetDependency;
			target = 9CEDC7372425CA37006DD872 /* Gagaebu */;
			targetProxy = 9C2949AF244703F500604358 /* PBXContainerItemProxy */;
		};
		9CFA35EF2449D59F001117FD /* PBXTargetDependency */ = {
			isa = PBXTargetDependency;
			target = 9CEDC7372425CA37006DD872 /* Gagaebu */;
			targetProxy = 9CFA35EE2449D59F001117FD /* PBXContainerItemProxy */;
		};
/* End PBXTargetDependency section */

/* Begin PBXVariantGroup section */
		9CEDC7462425CA38006DD872 /* LaunchScreen.storyboard */ = {
			isa = PBXVariantGroup;
			children = (
				9CF0F426243850BB00279CF9 /* Base */,
			);
			name = LaunchScreen.storyboard;
			sourceTree = "<group>";
		};
/* End PBXVariantGroup section */

/* Begin XCBuildConfiguration section */
		9C2949B1244703F500604358 /* Debug */ = {
			isa = XCBuildConfiguration;
			baseConfigurationReference = 867433BABBEC6F6B79CDB888 /* Pods-GagaebuTests.debug.xcconfig */;
			buildSettings = {
				BUNDLE_LOADER = "$(TEST_HOST)";
				CODE_SIGN_STYLE = Automatic;
				DEVELOPMENT_TEAM = P37C4Y6Q82;
				INFOPLIST_FILE = GagaebuTests/Info.plist;
				IPHONEOS_DEPLOYMENT_TARGET = 13.2;
				LD_RUNPATH_SEARCH_PATHS = (
					"$(inherited)",
					"@executable_path/Frameworks",
					"@loader_path/Frameworks",
				);
				PRODUCT_BUNDLE_IDENTIFIER = com.soso.GagaebuTests;
				PRODUCT_NAME = "$(TARGET_NAME)";
				SWIFT_VERSION = 5.0;
				TARGETED_DEVICE_FAMILY = "1,2";
				TEST_HOST = "$(BUILT_PRODUCTS_DIR)/Gagaebu.app/Gagaebu";
			};
			name = Debug;
		};
		9C2949B2244703F500604358 /* Release */ = {
			isa = XCBuildConfiguration;
			baseConfigurationReference = B7DDCD27AFBC12E6CE355011 /* Pods-GagaebuTests.release.xcconfig */;
			buildSettings = {
				BUNDLE_LOADER = "$(TEST_HOST)";
				CODE_SIGN_STYLE = Automatic;
				DEVELOPMENT_TEAM = P37C4Y6Q82;
				INFOPLIST_FILE = GagaebuTests/Info.plist;
				IPHONEOS_DEPLOYMENT_TARGET = 13.2;
				LD_RUNPATH_SEARCH_PATHS = (
					"$(inherited)",
					"@executable_path/Frameworks",
					"@loader_path/Frameworks",
				);
				PRODUCT_BUNDLE_IDENTIFIER = com.soso.GagaebuTests;
				PRODUCT_NAME = "$(TARGET_NAME)";
				SWIFT_VERSION = 5.0;
				TARGETED_DEVICE_FAMILY = "1,2";
				TEST_HOST = "$(BUILT_PRODUCTS_DIR)/Gagaebu.app/Gagaebu";
			};
			name = Release;
		};
		9CEDC74A2425CA38006DD872 /* Debug */ = {
			isa = XCBuildConfiguration;
			buildSettings = {
				ALWAYS_SEARCH_USER_PATHS = NO;
				CLANG_ANALYZER_LOCALIZABILITY_NONLOCALIZED = YES;
				CLANG_ANALYZER_NONNULL = YES;
				CLANG_ANALYZER_NUMBER_OBJECT_CONVERSION = YES_AGGRESSIVE;
				CLANG_CXX_LANGUAGE_STANDARD = "gnu++14";
				CLANG_CXX_LIBRARY = "libc++";
				CLANG_ENABLE_MODULES = YES;
				CLANG_ENABLE_OBJC_ARC = YES;
				CLANG_ENABLE_OBJC_WEAK = YES;
				CLANG_WARN_BLOCK_CAPTURE_AUTORELEASING = YES;
				CLANG_WARN_BOOL_CONVERSION = YES;
				CLANG_WARN_COMMA = YES;
				CLANG_WARN_CONSTANT_CONVERSION = YES;
				CLANG_WARN_DEPRECATED_OBJC_IMPLEMENTATIONS = YES;
				CLANG_WARN_DIRECT_OBJC_ISA_USAGE = YES_ERROR;
				CLANG_WARN_DOCUMENTATION_COMMENTS = YES;
				CLANG_WARN_EMPTY_BODY = YES;
				CLANG_WARN_ENUM_CONVERSION = YES;
				CLANG_WARN_INFINITE_RECURSION = YES;
				CLANG_WARN_INT_CONVERSION = YES;
				CLANG_WARN_NON_LITERAL_NULL_CONVERSION = YES;
				CLANG_WARN_OBJC_IMPLICIT_RETAIN_SELF = YES;
				CLANG_WARN_OBJC_LITERAL_CONVERSION = YES;
				CLANG_WARN_OBJC_ROOT_CLASS = YES_ERROR;
				CLANG_WARN_RANGE_LOOP_ANALYSIS = YES;
				CLANG_WARN_STRICT_PROTOTYPES = YES;
				CLANG_WARN_SUSPICIOUS_MOVE = YES;
				CLANG_WARN_UNGUARDED_AVAILABILITY = YES_AGGRESSIVE;
				CLANG_WARN_UNREACHABLE_CODE = YES;
				CLANG_WARN__DUPLICATE_METHOD_MATCH = YES;
				COPY_PHASE_STRIP = NO;
				DEBUG_INFORMATION_FORMAT = dwarf;
				ENABLE_STRICT_OBJC_MSGSEND = YES;
				ENABLE_TESTABILITY = YES;
				GCC_C_LANGUAGE_STANDARD = gnu11;
				GCC_DYNAMIC_NO_PIC = NO;
				GCC_NO_COMMON_BLOCKS = YES;
				GCC_OPTIMIZATION_LEVEL = 0;
				GCC_PREPROCESSOR_DEFINITIONS = (
					"DEBUG=1",
					"$(inherited)",
				);
				GCC_WARN_64_TO_32_BIT_CONVERSION = YES;
				GCC_WARN_ABOUT_RETURN_TYPE = YES_ERROR;
				GCC_WARN_UNDECLARED_SELECTOR = YES;
				GCC_WARN_UNINITIALIZED_AUTOS = YES_AGGRESSIVE;
				GCC_WARN_UNUSED_FUNCTION = YES;
				GCC_WARN_UNUSED_VARIABLE = YES;
				IPHONEOS_DEPLOYMENT_TARGET = 13.0;
				MTL_ENABLE_DEBUG_INFO = INCLUDE_SOURCE;
				MTL_FAST_MATH = YES;
				ONLY_ACTIVE_ARCH = YES;
				SDKROOT = iphoneos;
				SWIFT_ACTIVE_COMPILATION_CONDITIONS = DEBUG;
				SWIFT_OPTIMIZATION_LEVEL = "-Onone";
			};
			name = Debug;
		};
		9CEDC74B2425CA38006DD872 /* Release */ = {
			isa = XCBuildConfiguration;
			buildSettings = {
				ALWAYS_SEARCH_USER_PATHS = NO;
				CLANG_ANALYZER_LOCALIZABILITY_NONLOCALIZED = YES;
				CLANG_ANALYZER_NONNULL = YES;
				CLANG_ANALYZER_NUMBER_OBJECT_CONVERSION = YES_AGGRESSIVE;
				CLANG_CXX_LANGUAGE_STANDARD = "gnu++14";
				CLANG_CXX_LIBRARY = "libc++";
				CLANG_ENABLE_MODULES = YES;
				CLANG_ENABLE_OBJC_ARC = YES;
				CLANG_ENABLE_OBJC_WEAK = YES;
				CLANG_WARN_BLOCK_CAPTURE_AUTORELEASING = YES;
				CLANG_WARN_BOOL_CONVERSION = YES;
				CLANG_WARN_COMMA = YES;
				CLANG_WARN_CONSTANT_CONVERSION = YES;
				CLANG_WARN_DEPRECATED_OBJC_IMPLEMENTATIONS = YES;
				CLANG_WARN_DIRECT_OBJC_ISA_USAGE = YES_ERROR;
				CLANG_WARN_DOCUMENTATION_COMMENTS = YES;
				CLANG_WARN_EMPTY_BODY = YES;
				CLANG_WARN_ENUM_CONVERSION = YES;
				CLANG_WARN_INFINITE_RECURSION = YES;
				CLANG_WARN_INT_CONVERSION = YES;
				CLANG_WARN_NON_LITERAL_NULL_CONVERSION = YES;
				CLANG_WARN_OBJC_IMPLICIT_RETAIN_SELF = YES;
				CLANG_WARN_OBJC_LITERAL_CONVERSION = YES;
				CLANG_WARN_OBJC_ROOT_CLASS = YES_ERROR;
				CLANG_WARN_RANGE_LOOP_ANALYSIS = YES;
				CLANG_WARN_STRICT_PROTOTYPES = YES;
				CLANG_WARN_SUSPICIOUS_MOVE = YES;
				CLANG_WARN_UNGUARDED_AVAILABILITY = YES_AGGRESSIVE;
				CLANG_WARN_UNREACHABLE_CODE = YES;
				CLANG_WARN__DUPLICATE_METHOD_MATCH = YES;
				COPY_PHASE_STRIP = NO;
				DEBUG_INFORMATION_FORMAT = "dwarf-with-dsym";
				ENABLE_NS_ASSERTIONS = NO;
				ENABLE_STRICT_OBJC_MSGSEND = YES;
				GCC_C_LANGUAGE_STANDARD = gnu11;
				GCC_NO_COMMON_BLOCKS = YES;
				GCC_WARN_64_TO_32_BIT_CONVERSION = YES;
				GCC_WARN_ABOUT_RETURN_TYPE = YES_ERROR;
				GCC_WARN_UNDECLARED_SELECTOR = YES;
				GCC_WARN_UNINITIALIZED_AUTOS = YES_AGGRESSIVE;
				GCC_WARN_UNUSED_FUNCTION = YES;
				GCC_WARN_UNUSED_VARIABLE = YES;
				IPHONEOS_DEPLOYMENT_TARGET = 13.0;
				MTL_ENABLE_DEBUG_INFO = NO;
				MTL_FAST_MATH = YES;
				SDKROOT = iphoneos;
				SWIFT_COMPILATION_MODE = wholemodule;
				SWIFT_OPTIMIZATION_LEVEL = "-O";
				VALIDATE_PRODUCT = YES;
			};
			name = Release;
		};
		9CEDC74D2425CA38006DD872 /* Debug */ = {
			isa = XCBuildConfiguration;
			baseConfigurationReference = E31C7EC6C1EE039F3A78AC80 /* Pods-Gagaebu.debug.xcconfig */;
			buildSettings = {
				ASSETCATALOG_COMPILER_APPICON_NAME = AppIcon;
				CODE_SIGN_IDENTITY = "iPhone Developer";
				CODE_SIGN_STYLE = Manual;
				CURRENT_PROJECT_VERSION = 1;
				DEVELOPMENT_TEAM = PA8R36ZNU9;
				INFOPLIST_FILE = Gagaebu/App/Info.plist;
				LD_RUNPATH_SEARCH_PATHS = (
					"$(inherited)",
					"@executable_path/Frameworks",
				);
				MARKETING_VERSION = 1.0.1;
				PRODUCT_BUNDLE_IDENTIFIER = io.rhkrthdud7.Gagaebu;
				PRODUCT_NAME = Gagaebu;
				PROVISIONING_PROFILE_SPECIFIER = "match Development io.rhkrthdud7.Gagaebu";
				SWIFT_VERSION = 5.0;
				TARGETED_DEVICE_FAMILY = "1,2";
				VERSIONING_SYSTEM = "apple-generic";
			};
			name = Debug;
		};
		9CEDC74E2425CA38006DD872 /* Release */ = {
			isa = XCBuildConfiguration;
			baseConfigurationReference = 0E40F9E371818118EAA07B26 /* Pods-Gagaebu.release.xcconfig */;
			buildSettings = {
				ASSETCATALOG_COMPILER_APPICON_NAME = AppIcon;
				CODE_SIGN_IDENTITY = "iPhone Developer";
				CODE_SIGN_STYLE = Manual;
				CURRENT_PROJECT_VERSION = 1;
				DEVELOPMENT_TEAM = PA8R36ZNU9;
				INFOPLIST_FILE = Gagaebu/App/Info.plist;
				LD_RUNPATH_SEARCH_PATHS = (
					"$(inherited)",
					"@executable_path/Frameworks",
				);
				MARKETING_VERSION = 1.0.1;
				PRODUCT_BUNDLE_IDENTIFIER = io.rhkrthdud7.Gagaebu;
				PRODUCT_NAME = Gagaebu;
				PROVISIONING_PROFILE_SPECIFIER = "match Development io.rhkrthdud7.Gagaebu";
				SWIFT_VERSION = 5.0;
				TARGETED_DEVICE_FAMILY = "1,2";
				VERSIONING_SYSTEM = "apple-generic";
			};
			name = Release;
		};
		9CFA35F02449D59F001117FD /* Debug */ = {
			isa = XCBuildConfiguration;
			buildSettings = {
				CODE_SIGN_STYLE = Automatic;
				INFOPLIST_FILE = GagaebuUITests/Info.plist;
				IPHONEOS_DEPLOYMENT_TARGET = 13.2;
				LD_RUNPATH_SEARCH_PATHS = (
					"$(inherited)",
					"@executable_path/Frameworks",
					"@loader_path/Frameworks",
				);
				PRODUCT_BUNDLE_IDENTIFIER = com.soso.GagaebuUITests;
				PRODUCT_NAME = "$(TARGET_NAME)";
				SWIFT_VERSION = 5.0;
				TARGETED_DEVICE_FAMILY = "1,2";
				TEST_TARGET_NAME = Gagaebu;
			};
			name = Debug;
		};
		9CFA35F12449D59F001117FD /* Release */ = {
			isa = XCBuildConfiguration;
			buildSettings = {
				CODE_SIGN_STYLE = Automatic;
				INFOPLIST_FILE = GagaebuUITests/Info.plist;
				IPHONEOS_DEPLOYMENT_TARGET = 13.2;
				LD_RUNPATH_SEARCH_PATHS = (
					"$(inherited)",
					"@executable_path/Frameworks",
					"@loader_path/Frameworks",
				);
				PRODUCT_BUNDLE_IDENTIFIER = com.soso.GagaebuUITests;
				PRODUCT_NAME = "$(TARGET_NAME)";
				SWIFT_VERSION = 5.0;
				TARGETED_DEVICE_FAMILY = "1,2";
				TEST_TARGET_NAME = Gagaebu;
			};
			name = Release;
		};
/* End XCBuildConfiguration section */

/* Begin XCConfigurationList section */
		9C2949B3244703F500604358 /* Build configuration list for PBXNativeTarget "GagaebuTests" */ = {
			isa = XCConfigurationList;
			buildConfigurations = (
				9C2949B1244703F500604358 /* Debug */,
				9C2949B2244703F500604358 /* Release */,
			);
			defaultConfigurationIsVisible = 0;
			defaultConfigurationName = Release;
		};
		9CEDC7332425CA37006DD872 /* Build configuration list for PBXProject "Gagaebu" */ = {
			isa = XCConfigurationList;
			buildConfigurations = (
				9CEDC74A2425CA38006DD872 /* Debug */,
				9CEDC74B2425CA38006DD872 /* Release */,
			);
			defaultConfigurationIsVisible = 0;
			defaultConfigurationName = Release;
		};
		9CEDC74C2425CA38006DD872 /* Build configuration list for PBXNativeTarget "Gagaebu" */ = {
			isa = XCConfigurationList;
			buildConfigurations = (
				9CEDC74D2425CA38006DD872 /* Debug */,
				9CEDC74E2425CA38006DD872 /* Release */,
			);
			defaultConfigurationIsVisible = 0;
			defaultConfigurationName = Release;
		};
		9CFA35F22449D59F001117FD /* Build configuration list for PBXNativeTarget "GagaebuUITests" */ = {
			isa = XCConfigurationList;
			buildConfigurations = (
				9CFA35F02449D59F001117FD /* Debug */,
				9CFA35F12449D59F001117FD /* Release */,
			);
			defaultConfigurationIsVisible = 0;
			defaultConfigurationName = Release;
		};
/* End XCConfigurationList section */
	};
	rootObject = 9CEDC7302425CA37006DD872 /* Project object */;
}
